
Microsoft Visual Studio Solution File, Format Version 12.00
# Visual Studio 15
VisualStudioVersion = 15.0.26730.12
MinimumVisualStudioVersion = 10.0.40219.1
Project("{FAE04EC0-301F-11D3-BF4B-00C04F79EFBC}") = "Cucumber.Pro.SpecFlowPlugin", "Cucumber.Pro.SpecFlowPlugin\Cucumber.Pro.SpecFlowPlugin.csproj", "{073873EF-7722-4E78-ACAB-2F5D27A73F90}"
EndProject
Project("{FAE04EC0-301F-11D3-BF4B-00C04F79EFBC}") = "Cucumber.Pro.SpecFlowPlugin.SampleProject", "..\tests\Cucumber.Pro.SpecFlowPlugin.SampleProject\Cucumber.Pro.SpecFlowPlugin.SampleProject.csproj", "{BA787E6A-31E3-4BB1-AB5A-3987BDAFC4FC}"
EndProject
Global
	GlobalSection(SolutionConfigurationPlatforms) = preSolution
		Debug|Any CPU = Debug|Any CPU
		Release|Any CPU = Release|Any CPU
	EndGlobalSection
	GlobalSection(ProjectConfigurationPlatforms) = postSolution
		{073873EF-7722-4E78-ACAB-2F5D27A73F90}.Debug|Any CPU.ActiveCfg = Debug|Any CPU
		{073873EF-7722-4E78-ACAB-2F5D27A73F90}.Debug|Any CPU.Build.0 = Debug|Any CPU
		{073873EF-7722-4E78-ACAB-2F5D27A73F90}.Release|Any CPU.ActiveCfg = Release|Any CPU
		{073873EF-7722-4E78-ACAB-2F5D27A73F90}.Release|Any CPU.Build.0 = Release|Any CPU
		{BA787E6A-31E3-4BB1-AB5A-3987BDAFC4FC}.Debug|Any CPU.ActiveCfg = Debug|Any CPU
		{BA787E6A-31E3-4BB1-AB5A-3987BDAFC4FC}.Debug|Any CPU.Build.0 = Debug|Any CPU
		{BA787E6A-31E3-4BB1-AB5A-3987BDAFC4FC}.Release|Any CPU.ActiveCfg = Release|Any CPU
		{BA787E6A-31E3-4BB1-AB5A-3987BDAFC4FC}.Release|Any CPU.Build.0 = Release|Any CPU
	EndGlobalSection
	GlobalSection(SolutionProperties) = preSolution
		HideSolutionNode = FALSE
	EndGlobalSection
	GlobalSection(ExtensibilityGlobals) = postSolution
		SolutionGuid = {62B1ED1E-4134-48B4-B134-2ACB1B2CA51E}
	EndGlobalSection
EndGlobal
